
Microsoft Visual Studio Solution File, Format Version 12.00
# Visual Studio Version 17
VisualStudioVersion = 17.0.31903.59
MinimumVisualStudioVersion = 10.0.40219.1
Project("{9A19103F-16F7-4668-BE54-9A1E7A4F7556}") = "AppData", "AppData\AppData.csproj", "{6A832B5F-634A-4EA5-A4A7-AE904A2387F1}"
EndProject
Project("{9A19103F-16F7-4668-BE54-9A1E7A4F7556}") = "AppAPI", "AppAPI\AppAPI.csproj", "{F45F6C81-B40B-488A-8CE0-E9E92C4D3F42}"
EndProject
Project("{FAE04EC0-301F-11D3-BF4B-00C04F79EFBC}") = "AppView", "AppView\AppView.csproj", "{1F620E36-1151-49D0-9D5C-76704B2FDF3B}"
EndProject
Global
	GlobalSection(SolutionConfigurationPlatforms) = preSolution
		Debug|Any CPU = Debug|Any CPU
		Release|Any CPU = Release|Any CPU
	EndGlobalSection
	GlobalSection(ProjectConfigurationPlatforms) = postSolution
		{6A832B5F-634A-4EA5-A4A7-AE904A2387F1}.Debug|Any CPU.ActiveCfg = Debug|Any CPU
		{6A832B5F-634A-4EA5-A4A7-AE904A2387F1}.Debug|Any CPU.Build.0 = Debug|Any CPU
		{6A832B5F-634A-4EA5-A4A7-AE904A2387F1}.Release|Any CPU.ActiveCfg = Release|Any CPU
		{6A832B5F-634A-4EA5-A4A7-AE904A2387F1}.Release|Any CPU.Build.0 = Release|Any CPU
		{F45F6C81-B40B-488A-8CE0-E9E92C4D3F42}.Debug|Any CPU.ActiveCfg = Debug|Any CPU
		{F45F6C81-B40B-488A-8CE0-E9E92C4D3F42}.Debug|Any CPU.Build.0 = Debug|Any CPU
		{F45F6C81-B40B-488A-8CE0-E9E92C4D3F42}.Release|Any CPU.ActiveCfg = Release|Any CPU
		{F45F6C81-B40B-488A-8CE0-E9E92C4D3F42}.Release|Any CPU.Build.0 = Release|Any CPU
		{1F620E36-1151-49D0-9D5C-76704B2FDF3B}.Debug|Any CPU.ActiveCfg = Debug|Any CPU
		{1F620E36-1151-49D0-9D5C-76704B2FDF3B}.Debug|Any CPU.Build.0 = Debug|Any CPU
		{1F620E36-1151-49D0-9D5C-76704B2FDF3B}.Release|Any CPU.ActiveCfg = Release|Any CPU
		{1F620E36-1151-49D0-9D5C-76704B2FDF3B}.Release|Any CPU.Build.0 = Release|Any CPU
	EndGlobalSection
	GlobalSection(SolutionProperties) = preSolution
		HideSolutionNode = FALSE
	EndGlobalSection
	GlobalSection(ExtensibilityGlobals) = postSolution
		SolutionGuid = {C586E080-0273-4584-A5E7-6FD8238EB101}
	EndGlobalSection
EndGlobal
